
Microsoft Visual Studio Solution File, Format Version 11.00
# Visual Studio 2010
Project("{002A2DE9-8BB6-484D-9802-7E4AD4084715}") = "cgy", "cgy\cgy.visualdproj", "{55638A27-6DF6-44F8-B149-F17FC0086579}"
EndProject
Project("{002A2DE9-8BB6-484D-9802-7E4AD4084715}") = "fontTool", "fontTool\fontTool.visualdproj", "{9F39B25A-9EF6-47AA-A614-B697A91F0412}"
EndProject
Project("{002A2DE9-8BB6-484D-9802-7E4AD4084715}") = "OpenClTester", "OpenClTester\OpenClTester.visualdproj", "{53FEFBA6-4E59-418B-A809-54D16DAD176E}"
EndProject
Global
	GlobalSection(SolutionConfigurationPlatforms) = preSolution
		Release|Win32 = Release|Win32
	EndGlobalSection
	GlobalSection(ProjectConfigurationPlatforms) = postSolution
		{55638A27-6DF6-44F8-B149-F17FC0086579}.Release|Win32.ActiveCfg = Release|Win32
		{55638A27-6DF6-44F8-B149-F17FC0086579}.Release|Win32.Build.0 = Release|Win32
		{9F39B25A-9EF6-47AA-A614-B697A91F0412}.Release|Win32.ActiveCfg = Release|Win32
		{9F39B25A-9EF6-47AA-A614-B697A91F0412}.Release|Win32.Build.0 = Release|Win32
		{53FEFBA6-4E59-418B-A809-54D16DAD176E}.Release|Win32.ActiveCfg = Release|Win32
		{53FEFBA6-4E59-418B-A809-54D16DAD176E}.Release|Win32.Build.0 = Release|Win32
	EndGlobalSection
	GlobalSection(SolutionProperties) = preSolution
		HideSolutionNode = FALSE
	EndGlobalSection
EndGlobal
